// !$*UTF8*$!
{
	archiveVersion = 1;
	classes = {
	};
	objectVersion = 50;
	objects = {

/* Begin PBXBuildFile section */
		348BB7D620FF60F4008BA3B4 /* AppDelegate.swift in Sources */ = {isa = PBXBuildFile; fileRef = 348BB7D520FF60F4008BA3B4 /* AppDelegate.swift */; };
		348BB7D820FF60F4008BA3B4 /* ViewController.swift in Sources */ = {isa = PBXBuildFile; fileRef = 348BB7D720FF60F4008BA3B4 /* ViewController.swift */; };
		348BB7DB20FF60F4008BA3B4 /* Main.storyboard in Resources */ = {isa = PBXBuildFile; fileRef = 348BB7D920FF60F4008BA3B4 /* Main.storyboard */; };
		348BB7DE20FF60F4008BA3B4 /* NewsAPITest.xcdatamodeld in Sources */ = {isa = PBXBuildFile; fileRef = 348BB7DC20FF60F4008BA3B4 /* NewsAPITest.xcdatamodeld */; };
		348BB7E020FF60F7008BA3B4 /* Assets.xcassets in Resources */ = {isa = PBXBuildFile; fileRef = 348BB7DF20FF60F7008BA3B4 /* Assets.xcassets */; };
		348BB7E320FF60F7008BA3B4 /* LaunchScreen.storyboard in Resources */ = {isa = PBXBuildFile; fileRef = 348BB7E120FF60F7008BA3B4 /* LaunchScreen.storyboard */; };
/* End PBXBuildFile section */

/* Begin PBXFileReference section */
		348BB7D220FF60F4008BA3B4 /* NewsAPITest.app */ = {isa = PBXFileReference; explicitFileType = wrapper.application; includeInIndex = 0; path = NewsAPITest.app; sourceTree = BUILT_PRODUCTS_DIR; };
		348BB7D520FF60F4008BA3B4 /* AppDelegate.swift */ = {isa = PBXFileReference; lastKnownFileType = sourcecode.swift; path = AppDelegate.swift; sourceTree = "<group>"; };
		348BB7D720FF60F4008BA3B4 /* ViewController.swift */ = {isa = PBXFileReference; lastKnownFileType = sourcecode.swift; path = ViewController.swift; sourceTree = "<group>"; };
		348BB7DA20FF60F4008BA3B4 /* Base */ = {isa = PBXFileReference; lastKnownFileType = file.storyboard; name = Base; path = Base.lproj/Main.storyboard; sourceTree = "<group>"; };
		348BB7DD20FF60F4008BA3B4 /* NewsAPITest.xcdatamodel */ = {isa = PBXFileReference; lastKnownFileType = wrapper.xcdatamodel; path = NewsAPITest.xcdatamodel; sourceTree = "<group>"; };
		348BB7DF20FF60F7008BA3B4 /* Assets.xcassets */ = {isa = PBXFileReference; lastKnownFileType = folder.assetcatalog; path = Assets.xcassets; sourceTree = "<group>"; };
		348BB7E220FF60F7008BA3B4 /* Base */ = {isa = PBXFileReference; lastKnownFileType = file.storyboard; name = Base; path = Base.lproj/LaunchScreen.storyboard; sourceTree = "<group>"; };
		348BB7E420FF60F7008BA3B4 /* Info.plist */ = {isa = PBXFileReference; lastKnownFileType = text.plist.xml; path = Info.plist; sourceTree = "<group>"; };
/* End PBXFileReference section */

/* Begin PBXFrameworksBuildPhase section */
		348BB7CF20FF60F4008BA3B4 /* Frameworks */ = {
			isa = PBXFrameworksBuildPhase;
			buildActionMask = 2147483647;
			files = (
			);
			runOnlyForDeploymentPostprocessing = 0;
		};
/* End PBXFrameworksBuildPhase section */

/* Begin PBXGroup section */
		348BB7C920FF60F4008BA3B4 = {
			isa = PBXGroup;
			children = (
				348BB7D420FF60F4008BA3B4 /* NewsAPITest */,
				348BB7D320FF60F4008BA3B4 /* Products */,
			);
			sourceTree = "<group>";
		};
		348BB7D320FF60F4008BA3B4 /* Products */ = {
			isa = PBXGroup;
			children = (
				348BB7D220FF60F4008BA3B4 /* NewsAPITest.app */,
			);
			name = Products;
			sourceTree = "<group>";
		};
		348BB7D420FF60F4008BA3B4 /* NewsAPITest */ = {
			isa = PBXGroup;
			children = (
				348BB7D520FF60F4008BA3B4 /* AppDelegate.swift */,
				348BB7D720FF60F4008BA3B4 /* ViewController.swift */,
				348BB7D920FF60F4008BA3B4 /* Main.storyboard */,
				348BB7DF20FF60F7008BA3B4 /* Assets.xcassets */,
				348BB7E120FF60F7008BA3B4 /* LaunchScreen.storyboard */,
				348BB7E420FF60F7008BA3B4 /* Info.plist */,
				348BB7DC20FF60F4008BA3B4 /* NewsAPITest.xcdatamodeld */,
			);
			path = NewsAPITest;
			sourceTree = "<group>";
		};
/* End PBXGroup section */

/* Begin PBXNativeTarget section */
		348BB7D120FF60F4008BA3B4 /* NewsAPITest */ = {
			isa = PBXNativeTarget;
			buildConfigurationList = 348BB7E720FF60F7008BA3B4 /* Build configuration list for PBXNativeTarget "NewsAPITest" */;
			buildPhases = (
				348BB7CE20FF60F4008BA3B4 /* Sources */,
				348BB7CF20FF60F4008BA3B4 /* Frameworks */,
				348BB7D020FF60F4008BA3B4 /* Resources */,
			);
			buildRules = (
			);
			dependencies = (
			);
			name = NewsAPITest;
			productName = NewsAPITest;
			productReference = 348BB7D220FF60F4008BA3B4 /* NewsAPITest.app */;
			productType = "com.apple.product-type.application";
		};
/* End PBXNativeTarget section */

/* Begin PBXProject section */
		348BB7CA20FF60F4008BA3B4 /* Project object */ = {
			isa = PBXProject;
			attributes = {
				LastSwiftUpdateCheck = 0940;
				LastUpgradeCheck = 0940;
				ORGANIZATIONNAME = "Martin Grincevschi";
				TargetAttributes = {
					348BB7D120FF60F4008BA3B4 = {
						CreatedOnToolsVersion = 9.4;
					};
				};
			};
			buildConfigurationList = 348BB7CD20FF60F4008BA3B4 /* Build configuration list for PBXProject "NewsAPITest" */;
			compatibilityVersion = "Xcode 9.3";
			developmentRegion = en;
			hasScannedForEncodings = 0;
			knownRegions = (
				en,
				Base,
			);
			mainGroup = 348BB7C920FF60F4008BA3B4;
			productRefGroup = 348BB7D320FF60F4008BA3B4 /* Products */;
			projectDirPath = "";
			projectRoot = "";
			targets = (
				348BB7D120FF60F4008BA3B4 /* NewsAPITest */,
			);
		};
/* End PBXProject section */

/* Begin PBXResourcesBuildPhase section */
		348BB7D020FF60F4008BA3B4 /* Resources */ = {
			isa = PBXResourcesBuildPhase;
			buildActionMask = 2147483647;
			files = (
				348BB7E320FF60F7008BA3B4 /* LaunchScreen.storyboard in Resources */,
				348BB7E020FF60F7008BA3B4 /* Assets.xcassets in Resources */,
				348BB7DB20FF60F4008BA3B4 /* Main.storyboard in Resources */,
			);
			runOnlyForDeploymentPostprocessing = 0;
		};
/* End PBXResourcesBuildPhase section */

/* Begin PBXSourcesBuildPhase section */
		348BB7CE20FF60F4008BA3B4 /* Sources */ = {
			isa = PBXSourcesBuildPhase;
			buildActionMask = 2147483647;
			files = (
				348BB7D820FF60F4008BA3B4 /* ViewController.swift in Sources */,
				348BB7DE20FF60F4008BA3B4 /* NewsAPITest.xcdatamodeld in Sources */,
				348BB7D620FF60F4008BA3B4 /* AppDelegate.swift in Sources */,
			);
			runOnlyForDeploymentPostprocessing = 0;
		};
/* End PBXSourcesBuildPhase section */

/* Begin PBXVariantGroup section */
		348BB7D920FF60F4008BA3B4 /* Main.storyboard */ = {
			isa = PBXVariantGroup;
			children = (
				348BB7DA20FF60F4008BA3B4 /* Base */,
			);
			name = Main.storyboard;
			sourceTree = "<group>";
		};
		348BB7E120FF60F7008BA3B4 /* LaunchScreen.storyboard */ = {
			isa = PBXVariantGroup;
			children = (
				348BB7E220FF60F7008BA3B4 /* Base */,
			);
			name = LaunchScreen.storyboard;
			sourceTree = "<group>";
		};
/* End PBXVariantGroup section */

/* Begin XCBuildConfiguration section */
		348BB7E520FF60F7008BA3B4 /* Debug */ = {
			isa = XCBuildConfiguration;
			buildSettings = {
				ALWAYS_SEARCH_USER_PATHS = NO;
				CLANG_ANALYZER_NONNULL = YES;
				CLANG_ANALYZER_NUMBER_OBJECT_CONVERSION = YES_AGGRESSIVE;
				CLANG_CXX_LANGUAGE_STANDARD = "gnu++14";
				CLANG_CXX_LIBRARY = "libc++";
				CLANG_ENABLE_MODULES = YES;
				CLANG_ENABLE_OBJC_ARC = YES;
				CLANG_ENABLE_OBJC_WEAK = YES;
				CLANG_WARN_BLOCK_CAPTURE_AUTORELEASING = YES;
				CLANG_WARN_BOOL_CONVERSION = YES;
				CLANG_WARN_COMMA = YES;
				CLANG_WARN_CONSTANT_CONVERSION = YES;
				CLANG_WARN_DEPRECATED_OBJC_IMPLEMENTATIONS = YES;
				CLANG_WARN_DIRECT_OBJC_ISA_USAGE = YES_ERROR;
				CLANG_WARN_DOCUMENTATION_COMMENTS = YES;
				CLANG_WARN_EMPTY_BODY = YES;
				CLANG_WARN_ENUM_CONVERSION = YES;
				CLANG_WARN_INFINITE_RECURSION = YES;
				CLANG_WARN_INT_CONVERSION = YES;
				CLANG_WARN_NON_LITERAL_NULL_CONVERSION = YES;
				CLANG_WARN_OBJC_IMPLICIT_RETAIN_SELF = YES;
				CLANG_WARN_OBJC_LITERAL_CONVERSION = YES;
				CLANG_WARN_OBJC_ROOT_CLASS = YES_ERROR;
				CLANG_WARN_RANGE_LOOP_ANALYSIS = YES;
				CLANG_WARN_STRICT_PROTOTYPES = YES;
				CLANG_WARN_SUSPICIOUS_MOVE = YES;
				CLANG_WARN_UNGUARDED_AVAILABILITY = YES_AGGRESSIVE;
				CLANG_WARN_UNREACHABLE_CODE = YES;
				CLANG_WARN__DUPLICATE_METHOD_MATCH = YES;
				CODE_SIGN_IDENTITY = "iPhone Developer";
				COPY_PHASE_STRIP = NO;
				DEBUG_INFORMATION_FORMAT = dwarf;
				ENABLE_STRICT_OBJC_MSGSEND = YES;
				ENABLE_TESTABILITY = YES;
				GCC_C_LANGUAGE_STANDARD = gnu11;
				GCC_DYNAMIC_NO_PIC = NO;
				GCC_NO_COMMON_BLOCKS = YES;
				GCC_OPTIMIZATION_LEVEL = 0;
				GCC_PREPROCESSOR_DEFINITIONS = (
					"DEBUG=1",
					"$(inherited)",
				);
				GCC_WARN_64_TO_32_BIT_CONVERSION = YES;
				GCC_WARN_ABOUT_RETURN_TYPE = YES_ERROR;
				GCC_WARN_UNDECLARED_SELECTOR = YES;
				GCC_WARN_UNINITIALIZED_AUTOS = YES_AGGRESSIVE;
				GCC_WARN_UNUSED_FUNCTION = YES;
				GCC_WARN_UNUSED_VARIABLE = YES;
				IPHONEOS_DEPLOYMENT_TARGET = 11.4;
				MTL_ENABLE_DEBUG_INFO = YES;
				ONLY_ACTIVE_ARCH = YES;
				SDKROOT = iphoneos;
				SWIFT_ACTIVE_COMPILATION_CONDITIONS = DEBUG;
				SWIFT_OPTIMIZATION_LEVEL = "-Onone";
			};
			name = Debug;
		};
		348BB7E620FF60F7008BA3B4 /* Release */ = {
			isa = XCBuildConfiguration;
			buildSettings = {
				ALWAYS_SEARCH_USER_PATHS = NO;
				CLANG_ANALYZER_NONNULL = YES;
				CLANG_ANALYZER_NUMBER_OBJECT_CONVERSION = YES_AGGRESSIVE;
				CLANG_CXX_LANGUAGE_STANDARD = "gnu++14";
				CLANG_CXX_LIBRARY = "libc++";
				CLANG_ENABLE_MODULES = YES;
				CLANG_ENABLE_OBJC_ARC = YES;
				CLANG_ENABLE_OBJC_WEAK = YES;
				CLANG_WARN_BLOCK_CAPTURE_AUTORELEASING = YES;
				CLANG_WARN_BOOL_CONVERSION = YES;
				CLANG_WARN_COMMA = YES;
				CLANG_WARN_CONSTANT_CONVERSION = YES;
				CLANG_WARN_DEPRECATED_OBJC_IMPLEMENTATIONS = YES;
				CLANG_WARN_DIRECT_OBJC_ISA_USAGE = YES_ERROR;
				CLANG_WARN_DOCUMENTATION_COMMENTS = YES;
				CLANG_WARN_EMPTY_BODY = YES;
				CLANG_WARN_ENUM_CONVERSION = YES;
				CLANG_WARN_INFINITE_RECURSION = YES;
				CLANG_WARN_INT_CONVERSION = YES;
				CLANG_WARN_NON_LITERAL_NULL_CONVERSION = YES;
				CLANG_WARN_OBJC_IMPLICIT_RETAIN_SELF = YES;
				CLANG_WARN_OBJC_LITERAL_CONVERSION = YES;
				CLANG_WARN_OBJC_ROOT_CLASS = YES_ERROR;
				CLANG_WARN_RANGE_LOOP_ANALYSIS = YES;
				CLANG_WARN_STRICT_PROTOTYPES = YES;
				CLANG_WARN_SUSPICIOUS_MOVE = YES;
				CLANG_WARN_UNGUARDED_AVAILABILITY = YES_AGGRESSIVE;
				CLANG_WARN_UNREACHABLE_CODE = YES;
				CLANG_WARN__DUPLICATE_METHOD_MATCH = YES;
				CODE_SIGN_IDENTITY = "iPhone Developer";
				COPY_PHASE_STRIP = NO;
				DEBUG_INFORMATION_FORMAT = "dwarf-with-dsym";
				ENABLE_NS_ASSERTIONS = NO;
				ENABLE_STRICT_OBJC_MSGSEND = YES;
				GCC_C_LANGUAGE_STANDARD = gnu11;
				GCC_NO_COMMON_BLOCKS = YES;
				GCC_WARN_64_TO_32_BIT_CONVERSION = YES;
				GCC_WARN_ABOUT_RETURN_TYPE = YES_ERROR;
				GCC_WARN_UNDECLARED_SELECTOR = YES;
				GCC_WARN_UNINITIALIZED_AUTOS = YES_AGGRESSIVE;
				GCC_WARN_UNUSED_FUNCTION = YES;
				GCC_WARN_UNUSED_VARIABLE = YES;
				IPHONEOS_DEPLOYMENT_TARGET = 11.4;
				MTL_ENABLE_DEBUG_INFO = NO;
				SDKROOT = iphoneos;
				SWIFT_COMPILATION_MODE = wholemodule;
				SWIFT_OPTIMIZATION_LEVEL = "-O";
				VALIDATE_PRODUCT = YES;
			};
			name = Release;
		};
		348BB7E820FF60F7008BA3B4 /* Debug */ = {
			isa = XCBuildConfiguration;
			buildSettings = {
				ASSETCATALOG_COMPILER_APPICON_NAME = AppIcon;
				CODE_SIGN_STYLE = Automatic;
				DEVELOPMENT_TEAM = 6B5JB66NKS;
				INFOPLIST_FILE = NewsAPITest/Info.plist;
				LD_RUNPATH_SEARCH_PATHS = (
					"$(inherited)",
					"@executable_path/Frameworks",
				);
				PRODUCT_BUNDLE_IDENTIFIER = com.martingrin.NewsAPITest;
				PRODUCT_NAME = "$(TARGET_NAME)";
				SWIFT_VERSION = 4.0;
				TARGETED_DEVICE_FAMILY = "1,2";
			};
			name = Debug;
		};
		348BB7E920FF60F7008BA3B4 /* Release */ = {
			isa = XCBuildConfiguration;
			buildSettings = {
				ASSETCATALOG_COMPILER_APPICON_NAME = AppIcon;
				CODE_SIGN_STYLE = Automatic;
				DEVELOPMENT_TEAM = 6B5JB66NKS;
				INFOPLIST_FILE = NewsAPITest/Info.plist;
				LD_RUNPATH_SEARCH_PATHS = (
					"$(inherited)",
					"@executable_path/Frameworks",
				);
				PRODUCT_BUNDLE_IDENTIFIER = com.martingrin.NewsAPITest;
				PRODUCT_NAME = "$(TARGET_NAME)";
				SWIFT_VERSION = 4.0;
				TARGETED_DEVICE_FAMILY = "1,2";
			};
			name = Release;
		};
/* End XCBuildConfiguration section */

/* Begin XCConfigurationList section */
		348BB7CD20FF60F4008BA3B4 /* Build configuration list for PBXProject "NewsAPITest" */ = {
			isa = XCConfigurationList;
			buildConfigurations = (
				348BB7E520FF60F7008BA3B4 /* Debug */,
				348BB7E620FF60F7008BA3B4 /* Release */,
			);
			defaultConfigurationIsVisible = 0;
			defaultConfigurationName = Release;
		};
		348BB7E720FF60F7008BA3B4 /* Build configuration list for PBXNativeTarget "NewsAPITest" */ = {
			isa = XCConfigurationList;
			buildConfigurations = (
				348BB7E820FF60F7008BA3B4 /* Debug */,
				348BB7E920FF60F7008BA3B4 /* Release */,
			);
			defaultConfigurationIsVisible = 0;
			defaultConfigurationName = Release;
		};
/* End XCConfigurationList section */

/* Begin XCVersionGroup section */
		348BB7DC20FF60F4008BA3B4 /* NewsAPITest.xcdatamodeld */ = {
			isa = XCVersionGroup;
			children = (
				348BB7DD20FF60F4008BA3B4 /* NewsAPITest.xcdatamodel */,
			);
			currentVersion = 348BB7DD20FF60F4008BA3B4 /* NewsAPITest.xcdatamodel */;
			path = NewsAPITest.xcdatamodeld;
			sourceTree = "<group>";
			versionGroupType = wrapper.xcdatamodel;
		};
/* End XCVersionGroup section */
	};
	rootObject = 348BB7CA20FF60F4008BA3B4 /* Project object */;
}
